
Microsoft Visual Studio Solution File, Format Version 12.00
# Visual Studio Version 17
VisualStudioVersion = 17.1.32228.430
MinimumVisualStudioVersion = 10.0.40219.1
Project("{D954291E-2A0B-460D-934E-DC6B0785DB48}") = "AutoExpense.Shared", "AutoExpense.Shared\AutoExpense.Shared.shproj", "{21B69340-8751-4DE0-B320-1ED9636714EB}"
EndProject
Project("{9A19103F-16F7-4668-BE54-9A1E7A4F7556}") = "AutoExpense.Android", "AutoExpense.Android\AutoExpense.Android.csproj", "{E74118E7-CA00-4E4F-96B8-4464715EF41F}"
EndProject
Global
	GlobalSection(SolutionConfigurationPlatforms) = preSolution
		Debug|Any CPU = Debug|Any CPU
		Release|Any CPU = Release|Any CPU
	EndGlobalSection
	GlobalSection(ProjectConfigurationPlatforms) = postSolution
		{E74118E7-CA00-4E4F-96B8-4464715EF41F}.Debug|Any CPU.ActiveCfg = Debug|Any CPU
		{E74118E7-CA00-4E4F-96B8-4464715EF41F}.Debug|Any CPU.Build.0 = Debug|Any CPU
		{E74118E7-CA00-4E4F-96B8-4464715EF41F}.Debug|Any CPU.Deploy.0 = Debug|Any CPU
		{E74118E7-CA00-4E4F-96B8-4464715EF41F}.Release|Any CPU.ActiveCfg = Release|Any CPU
		{E74118E7-CA00-4E4F-96B8-4464715EF41F}.Release|Any CPU.Build.0 = Release|Any CPU
		{E74118E7-CA00-4E4F-96B8-4464715EF41F}.Release|Any CPU.Deploy.0 = Release|Any CPU
	EndGlobalSection
	GlobalSection(SolutionProperties) = preSolution
		HideSolutionNode = FALSE
	EndGlobalSection
	GlobalSection(ExtensibilityGlobals) = postSolution
		SolutionGuid = {D91E9A79-D4DB-4C13-8446-5144B80FC2B7}
	EndGlobalSection
	GlobalSection(SharedMSBuildProjectFiles) = preSolution
		AutoExpense.Shared\AutoExpense.Shared.projitems*{21b69340-8751-4de0-b320-1ed9636714eb}*SharedItemsImports = 13
		AutoExpense.Shared\AutoExpense.Shared.projitems*{e74118e7-ca00-4e4f-96b8-4464715ef41f}*SharedItemsImports = 5
	EndGlobalSection
EndGlobal
