
Microsoft Visual Studio Solution File, Format Version 12.00
# Visual Studio Version 17
VisualStudioVersion = 17.1.32228.430
MinimumVisualStudioVersion = 10.0.40219.1
Project("{FAE04EC0-301F-11D3-BF4B-00C04F79EFBC}") = "AutoExpense.Android", "AutoExpense.Android\AutoExpense.Android.csproj", "{EF62764A-42F1-434A-8F9B-C5D29D9D7C96}"
EndProject
Project("{D954291E-2A0B-460D-934E-DC6B0785DB48}") = "AutoExpense.Shared", "AutoExpense.Shared\AutoExpense.Shared.shproj", "{21B69340-8751-4DE0-B320-1ED9636714EB}"
EndProject
Project("{FAE04EC0-301F-11D3-BF4B-00C04F79EFBC}") = "AutoExpense.SyncServer", "AutoExpense.SyncServer\AutoExpense.SyncServer.csproj", "{60DC7038-FF34-4902-BF88-F6FA724DFAA8}"
EndProject
Global
	GlobalSection(SolutionConfigurationPlatforms) = preSolution
		Debug|Any CPU = Debug|Any CPU
		Release|Any CPU = Release|Any CPU
	EndGlobalSection
	GlobalSection(ProjectConfigurationPlatforms) = postSolution
		{EF62764A-42F1-434A-8F9B-C5D29D9D7C96}.Debug|Any CPU.ActiveCfg = Debug|Any CPU
		{EF62764A-42F1-434A-8F9B-C5D29D9D7C96}.Debug|Any CPU.Build.0 = Debug|Any CPU
		{EF62764A-42F1-434A-8F9B-C5D29D9D7C96}.Debug|Any CPU.Deploy.0 = Debug|Any CPU
		{EF62764A-42F1-434A-8F9B-C5D29D9D7C96}.Release|Any CPU.ActiveCfg = Release|Any CPU
		{EF62764A-42F1-434A-8F9B-C5D29D9D7C96}.Release|Any CPU.Build.0 = Release|Any CPU
		{EF62764A-42F1-434A-8F9B-C5D29D9D7C96}.Release|Any CPU.Deploy.0 = Release|Any CPU
		{60DC7038-FF34-4902-BF88-F6FA724DFAA8}.Debug|Any CPU.ActiveCfg = Debug|Any CPU
		{60DC7038-FF34-4902-BF88-F6FA724DFAA8}.Debug|Any CPU.Build.0 = Debug|Any CPU
		{60DC7038-FF34-4902-BF88-F6FA724DFAA8}.Release|Any CPU.ActiveCfg = Release|Any CPU
		{60DC7038-FF34-4902-BF88-F6FA724DFAA8}.Release|Any CPU.Build.0 = Release|Any CPU
	EndGlobalSection
	GlobalSection(SolutionProperties) = preSolution
		HideSolutionNode = FALSE
	EndGlobalSection
	GlobalSection(ExtensibilityGlobals) = postSolution
		SolutionGuid = {D91E9A79-D4DB-4C13-8446-5144B80FC2B7}
	EndGlobalSection
	GlobalSection(SharedMSBuildProjectFiles) = preSolution
		AutoExpense.Shared\AutoExpense.Shared.projitems*{21b69340-8751-4de0-b320-1ed9636714eb}*SharedItemsImports = 13
		AutoExpense.Shared\AutoExpense.Shared.projitems*{ef62764a-42f1-434a-8f9b-c5d29d9d7c96}*SharedItemsImports = 4
	EndGlobalSection
EndGlobal
